PODS:
  - Alamofire (5.0.2)
  - Kingfisher (5.14.0):
    - Kingfisher/Core (= 5.14.0)
  - Kingfisher/Core (5.14.0)

DEPENDENCIES:
  - Alamofire
  - Kingfisher

SPEC REPOS:
  trunk:
    - Alamofire
    - Kingfisher

SPEC CHECKSUMS:
  Alamofire: 3ba7a4db18b4f62c4a1c0e1cb39d7f3d52e10ada
  Kingfisher: 7b64389a43139c903ec434788344c288217c792d

PODFILE CHECKSUM: b0c71b59d28fcd2dd4dd5f71a8739298becdc881

COCOAPODS: 1.9.1
